
Microsoft Visual Studio Solution File, Format Version 12.00
# Visual Studio Version 17
VisualStudioVersion = 17.4.33110.190
MinimumVisualStudioVersion = 10.0.40219.1
Project("{9A19103F-16F7-4668-BE54-9A1E7A4F7556}") = "BrainFuck", "BrainFuck\BrainFuck.csproj", "{29A837F3-2E5B-48AF-A6A0-578C249AD201}"
EndProject
Project("{9A19103F-16F7-4668-BE54-9A1E7A4F7556}") = "BrainfuckInterpreter", "BrainfuckInterpreter\BrainfuckInterpreter.csproj", "{5AE3FB19-C5F9-4686-9236-D998782C5D54}"
EndProject
Project("{9A19103F-16F7-4668-BE54-9A1E7A4F7556}") = "BrainfuckInterpreter.Tests", "BrainfuckInterpreter.Tests\BrainfuckInterpreter.Tests.csproj", "{E5D05E1F-DDB6-4F03-8E87-AF92BFE84A4F}"
EndProject
Global
	GlobalSection(SolutionConfigurationPlatforms) = preSolution
		Debug|Any CPU = Debug|Any CPU
		Debug|ARM = Debug|ARM
		Debug|ARM64 = Debug|ARM64
		Debug|x64 = Debug|x64
		Debug|x86 = Debug|x86
		Release|Any CPU = Release|Any CPU
		Release|ARM = Release|ARM
		Release|ARM64 = Release|ARM64
		Release|x64 = Release|x64
		Release|x86 = Release|x86
	EndGlobalSection
	GlobalSection(ProjectConfigurationPlatforms) = postSolution
		{29A837F3-2E5B-48AF-A6A0-578C249AD201}.Debug|Any CPU.ActiveCfg = Debug|Any CPU
		{29A837F3-2E5B-48AF-A6A0-578C249AD201}.Debug|Any CPU.Build.0 = Debug|Any CPU
		{29A837F3-2E5B-48AF-A6A0-578C249AD201}.Debug|ARM.ActiveCfg = Debug|Any CPU
		{29A837F3-2E5B-48AF-A6A0-578C249AD201}.Debug|ARM.Build.0 = Debug|Any CPU
		{29A837F3-2E5B-48AF-A6A0-578C249AD201}.Debug|ARM64.ActiveCfg = Debug|Any CPU
		{29A837F3-2E5B-48AF-A6A0-578C249AD201}.Debug|ARM64.Build.0 = Debug|Any CPU
		{29A837F3-2E5B-48AF-A6A0-578C249AD201}.Debug|x64.ActiveCfg = Debug|Any CPU
		{29A837F3-2E5B-48AF-A6A0-578C249AD201}.Debug|x64.Build.0 = Debug|Any CPU
		{29A837F3-2E5B-48AF-A6A0-578C249AD201}.Debug|x86.ActiveCfg = Debug|Any CPU
		{29A837F3-2E5B-48AF-A6A0-578C249AD201}.Debug|x86.Build.0 = Debug|Any CPU
		{29A837F3-2E5B-48AF-A6A0-578C249AD201}.Release|Any CPU.ActiveCfg = Release|Any CPU
		{29A837F3-2E5B-48AF-A6A0-578C249AD201}.Release|Any CPU.Build.0 = Release|Any CPU
		{29A837F3-2E5B-48AF-A6A0-578C249AD201}.Release|ARM.ActiveCfg = Release|Any CPU
		{29A837F3-2E5B-48AF-A6A0-578C249AD201}.Release|ARM.Build.0 = Release|Any CPU
		{29A837F3-2E5B-48AF-A6A0-578C249AD201}.Release|ARM64.ActiveCfg = Release|Any CPU
		{29A837F3-2E5B-48AF-A6A0-578C249AD201}.Release|ARM64.Build.0 = Release|Any CPU
		{29A837F3-2E5B-48AF-A6A0-578C249AD201}.Release|x64.ActiveCfg = Release|Any CPU
		{29A837F3-2E5B-48AF-A6A0-578C249AD201}.Release|x64.Build.0 = Release|Any CPU
		{29A837F3-2E5B-48AF-A6A0-578C249AD201}.Release|x86.ActiveCfg = Release|Any CPU
		{29A837F3-2E5B-48AF-A6A0-578C249AD201}.Release|x86.Build.0 = Release|Any CPU
		{5AE3FB19-C5F9-4686-9236-D998782C5D54}.Debug|Any CPU.ActiveCfg = Debug|Any CPU
		{5AE3FB19-C5F9-4686-9236-D998782C5D54}.Debug|Any CPU.Build.0 = Debug|Any CPU
		{5AE3FB19-C5F9-4686-9236-D998782C5D54}.Debug|ARM.ActiveCfg = Debug|Any CPU
		{5AE3FB19-C5F9-4686-9236-D998782C5D54}.Debug|ARM.Build.0 = Debug|Any CPU
		{5AE3FB19-C5F9-4686-9236-D998782C5D54}.Debug|ARM64.ActiveCfg = Debug|Any CPU
		{5AE3FB19-C5F9-4686-9236-D998782C5D54}.Debug|ARM64.Build.0 = Debug|Any CPU
		{5AE3FB19-C5F9-4686-9236-D998782C5D54}.Debug|x64.ActiveCfg = Debug|Any CPU
		{5AE3FB19-C5F9-4686-9236-D998782C5D54}.Debug|x64.Build.0 = Debug|Any CPU
		{5AE3FB19-C5F9-4686-9236-D998782C5D54}.Debug|x86.ActiveCfg = Debug|Any CPU
		{5AE3FB19-C5F9-4686-9236-D998782C5D54}.Debug|x86.Build.0 = Debug|Any CPU
		{5AE3FB19-C5F9-4686-9236-D998782C5D54}.Release|Any CPU.ActiveCfg = Release|Any CPU
		{5AE3FB19-C5F9-4686-9236-D998782C5D54}.Release|Any CPU.Build.0 = Release|Any CPU
		{5AE3FB19-C5F9-4686-9236-D998782C5D54}.Release|ARM.ActiveCfg = Release|Any CPU
		{5AE3FB19-C5F9-4686-9236-D998782C5D54}.Release|ARM.Build.0 = Release|Any CPU
		{5AE3FB19-C5F9-4686-9236-D998782C5D54}.Release|ARM64.ActiveCfg = Release|Any CPU
		{5AE3FB19-C5F9-4686-9236-D998782C5D54}.Release|ARM64.Build.0 = Release|Any CPU
		{5AE3FB19-C5F9-4686-9236-D998782C5D54}.Release|x64.ActiveCfg = Release|Any CPU
		{5AE3FB19-C5F9-4686-9236-D998782C5D54}.Release|x64.Build.0 = Release|Any CPU
		{5AE3FB19-C5F9-4686-9236-D998782C5D54}.Release|x86.ActiveCfg = Release|Any CPU
		{5AE3FB19-C5F9-4686-9236-D998782C5D54}.Release|x86.Build.0 = Release|Any CPU
		{E5D05E1F-DDB6-4F03-8E87-AF92BFE84A4F}.Debug|Any CPU.ActiveCfg = Debug|Any CPU
		{E5D05E1F-DDB6-4F03-8E87-AF92BFE84A4F}.Debug|Any CPU.Build.0 = Debug|Any CPU
		{E5D05E1F-DDB6-4F03-8E87-AF92BFE84A4F}.Debug|ARM.ActiveCfg = Debug|Any CPU
		{E5D05E1F-DDB6-4F03-8E87-AF92BFE84A4F}.Debug|ARM.Build.0 = Debug|Any CPU
		{E5D05E1F-DDB6-4F03-8E87-AF92BFE84A4F}.Debug|ARM64.ActiveCfg = Debug|Any CPU
		{E5D05E1F-DDB6-4F03-8E87-AF92BFE84A4F}.Debug|ARM64.Build.0 = Debug|Any CPU
		{E5D05E1F-DDB6-4F03-8E87-AF92BFE84A4F}.Debug|x64.ActiveCfg = Debug|Any CPU
		{E5D05E1F-DDB6-4F03-8E87-AF92BFE84A4F}.Debug|x64.Build.0 = Debug|Any CPU
		{E5D05E1F-DDB6-4F03-8E87-AF92BFE84A4F}.Debug|x86.ActiveCfg = Debug|Any CPU
		{E5D05E1F-DDB6-4F03-8E87-AF92BFE84A4F}.Debug|x86.Build.0 = Debug|Any CPU
		{E5D05E1F-DDB6-4F03-8E87-AF92BFE84A4F}.Release|Any CPU.ActiveCfg = Release|Any CPU
		{E5D05E1F-DDB6-4F03-8E87-AF92BFE84A4F}.Release|Any CPU.Build.0 = Release|Any CPU
		{E5D05E1F-DDB6-4F03-8E87-AF92BFE84A4F}.Release|ARM.ActiveCfg = Release|Any CPU
		{E5D05E1F-DDB6-4F03-8E87-AF92BFE84A4F}.Release|ARM.Build.0 = Release|Any CPU
		{E5D05E1F-DDB6-4F03-8E87-AF92BFE84A4F}.Release|ARM64.ActiveCfg = Release|Any CPU
		{E5D05E1F-DDB6-4F03-8E87-AF92BFE84A4F}.Release|ARM64.Build.0 = Release|Any CPU
		{E5D05E1F-DDB6-4F03-8E87-AF92BFE84A4F}.Release|x64.ActiveCfg = Release|Any CPU
		{E5D05E1F-DDB6-4F03-8E87-AF92BFE84A4F}.Release|x64.Build.0 = Release|Any CPU
		{E5D05E1F-DDB6-4F03-8E87-AF92BFE84A4F}.Release|x86.ActiveCfg = Release|Any CPU
		{E5D05E1F-DDB6-4F03-8E87-AF92BFE84A4F}.Release|x86.Build.0 = Release|Any CPU
	EndGlobalSection
	GlobalSection(SolutionProperties) = preSolution
		HideSolutionNode = FALSE
	EndGlobalSection
	GlobalSection(ExtensibilityGlobals) = postSolution
		SolutionGuid = {EDDB89BA-82CB-4F58-B8AF-E800B6AD9F3C}
	EndGlobalSection
EndGlobal
